Microsoft Visual Studio Solution File, Format Version 12.00
# Visual Studio Version 17
VisualStudioVersion = 17.5.2.0
MinimumVisualStudioVersion = 10.0.40219.1
Project("{FAE04EC0-301F-11D3-BF4B-00C04F79EFBC}") = "PersonalStudentProject.DataAccess", "PersonalStudentProject.DataAccess.csproj", "{5C17EB86-96EC-3B86-CC23-4AFFC49027FB}"
EndProject
Global
	GlobalSection(SolutionConfigurationPlatforms) = preSolution
		Debug|Any CPU = Debug|Any CPU
		Release|Any CPU = Release|Any CPU
	EndGlobalSection
	GlobalSection(ProjectConfigurationPlatforms) = postSolution
		{5C17EB86-96EC-3B86-CC23-4AFFC49027FB}.Debug|Any CPU.ActiveCfg = Debug|Any CPU
		{5C17EB86-96EC-3B86-CC23-4AFFC49027FB}.Debug|Any CPU.Build.0 = Debug|Any CPU
		{5C17EB86-96EC-3B86-CC23-4AFFC49027FB}.Release|Any CPU.ActiveCfg = Release|Any CPU
		{5C17EB86-96EC-3B86-CC23-4AFFC49027FB}.Release|Any CPU.Build.0 = Release|Any CPU
	EndGlobalSection
	GlobalSection(SolutionProperties) = preSolution
		HideSolutionNode = FALSE
	EndGlobalSection
	GlobalSection(ExtensibilityGlobals) = postSolution
		SolutionGuid = {D7CE9F36-5A74-417D-AE30-1F7EE468070A}
	EndGlobalSection
EndGlobal
